
Microsoft Visual Studio Solution File, Format Version 12.00
# Visual Studio Version 17
VisualStudioVersion = 17.10.35004.147
MinimumVisualStudioVersion = 10.0.40219.1
Project("{9A19103F-16F7-4668-BE54-9A1E7A4F7556}") = "EventManagement", "EventManagement\EventManagement.csproj", "{11D5F915-AB01-400C-9DDE-AB50ABC067B6}"
EndProject
Project("{9A19103F-16F7-4668-BE54-9A1E7A4F7556}") = "EventManagement.Data", "EventManagement.Data\EventManagement.Data.csproj", "{FBD376EC-B586-4867-8E6A-D48CF24AB0F2}"
EndProject
Project("{9A19103F-16F7-4668-BE54-9A1E7A4F7556}") = "EventManagement.Common", "EventManagement.Common\EventManagement.Common.csproj", "{6C65ADE5-ABF5-4946-9B2E-C7FA0510B391}"
EndProject
Global
	GlobalSection(SolutionConfigurationPlatforms) = preSolution
		Debug|Any CPU = Debug|Any CPU
		Release|Any CPU = Release|Any CPU
	EndGlobalSection
	GlobalSection(ProjectConfigurationPlatforms) = postSolution
		{11D5F915-AB01-400C-9DDE-AB50ABC067B6}.Debug|Any CPU.ActiveCfg = Debug|Any CPU
		{11D5F915-AB01-400C-9DDE-AB50ABC067B6}.Debug|Any CPU.Build.0 = Debug|Any CPU
		{11D5F915-AB01-400C-9DDE-AB50ABC067B6}.Release|Any CPU.ActiveCfg = Release|Any CPU
		{11D5F915-AB01-400C-9DDE-AB50ABC067B6}.Release|Any CPU.Build.0 = Release|Any CPU
		{FBD376EC-B586-4867-8E6A-D48CF24AB0F2}.Debug|Any CPU.ActiveCfg = Debug|Any CPU
		{FBD376EC-B586-4867-8E6A-D48CF24AB0F2}.Debug|Any CPU.Build.0 = Debug|Any CPU
		{FBD376EC-B586-4867-8E6A-D48CF24AB0F2}.Release|Any CPU.ActiveCfg = Release|Any CPU
		{FBD376EC-B586-4867-8E6A-D48CF24AB0F2}.Release|Any CPU.Build.0 = Release|Any CPU
		{6C65ADE5-ABF5-4946-9B2E-C7FA0510B391}.Debug|Any CPU.ActiveCfg = Debug|Any CPU
		{6C65ADE5-ABF5-4946-9B2E-C7FA0510B391}.Debug|Any CPU.Build.0 = Debug|Any CPU
		{6C65ADE5-ABF5-4946-9B2E-C7FA0510B391}.Release|Any CPU.ActiveCfg = Release|Any CPU
		{6C65ADE5-ABF5-4946-9B2E-C7FA0510B391}.Release|Any CPU.Build.0 = Release|Any CPU
	EndGlobalSection
	GlobalSection(SolutionProperties) = preSolution
		HideSolutionNode = FALSE
	EndGlobalSection
	GlobalSection(ExtensibilityGlobals) = postSolution
		SolutionGuid = {DF284A11-BEF1-4798-9407-AB5F63A75985}
	EndGlobalSection
EndGlobal
